
Microsoft Visual Studio Solution File, Format Version 12.00
# Visual Studio Version 17
VisualStudioVersion = 17.0.31903.59
MinimumVisualStudioVersion = 10.0.40219.1
Project("{2150E333-8FDC-42A3-9474-1A3956D46DE8}") = "scripts", "scripts", "{5ADFB68B-4F46-4525-A40A-E851C17AFF29}"
EndProject
Project("{2150E333-8FDC-42A3-9474-1A3956D46DE8}") = "tests", "tests", "{0E8EC056-503F-4872-837F-22A4C403A059}"
EndProject
Project("{2150E333-8FDC-42A3-9474-1A3956D46DE8}") = "src", "src", "{FA4BEB5B-1250-4F39-B363-F31B956CC75F}"
EndProject
Project("{FAE04EC0-301F-11D3-BF4B-00C04F79EFBC}") = "Catering.Platform.Applications", "src\Catering.Platform.Applications\Catering.Platform.Applications.csproj", "{D62821AD-7E01-4E79-836F-AE8683A4EF7D}"
EndProject
Project("{FAE04EC0-301F-11D3-BF4B-00C04F79EFBC}") = "Catering.Platform.Domain", "src\Catering.Platform.Domain\Catering.Platform.Domain.csproj", "{3D82EED1-4EFE-4198-8657-5A2114BB9FCE}"
EndProject
Project("{FAE04EC0-301F-11D3-BF4B-00C04F79EFBC}") = "Catering.Platform.Persistence", "src\Catering.Platform.Persistence\Catering.Platform.Persistence.csproj", "{A438BCFB-79B2-4512-8420-BA3A362AFC05}"
EndProject
Project("{FAE04EC0-301F-11D3-BF4B-00C04F79EFBC}") = "Catering.Platform.API", "src\Catering.Platform.API\Catering.Platform.API.csproj", "{27EC9156-533D-450A-A152-1975780986D7}"
EndProject
Project("{2150E333-8FDC-42A3-9474-1A3956D46DE8}") = "Solution Items", "Solution Items", "{45302949-3781-4858-B779-4FC1374C449A}"
	ProjectSection(SolutionItems) = preProject
		docker-compose.yml = docker-compose.yml
	EndProjectSection
EndProject
Global
	GlobalSection(SolutionConfigurationPlatforms) = preSolution
		Debug|Any CPU = Debug|Any CPU
		Release|Any CPU = Release|Any CPU
	EndGlobalSection
	GlobalSection(ProjectConfigurationPlatforms) = postSolution
		{D62821AD-7E01-4E79-836F-AE8683A4EF7D}.Debug|Any CPU.ActiveCfg = Debug|Any CPU
		{D62821AD-7E01-4E79-836F-AE8683A4EF7D}.Debug|Any CPU.Build.0 = Debug|Any CPU
		{D62821AD-7E01-4E79-836F-AE8683A4EF7D}.Release|Any CPU.ActiveCfg = Release|Any CPU
		{D62821AD-7E01-4E79-836F-AE8683A4EF7D}.Release|Any CPU.Build.0 = Release|Any CPU
		{3D82EED1-4EFE-4198-8657-5A2114BB9FCE}.Debug|Any CPU.ActiveCfg = Debug|Any CPU
		{3D82EED1-4EFE-4198-8657-5A2114BB9FCE}.Debug|Any CPU.Build.0 = Debug|Any CPU
		{3D82EED1-4EFE-4198-8657-5A2114BB9FCE}.Release|Any CPU.ActiveCfg = Release|Any CPU
		{3D82EED1-4EFE-4198-8657-5A2114BB9FCE}.Release|Any CPU.Build.0 = Release|Any CPU
		{A438BCFB-79B2-4512-8420-BA3A362AFC05}.Debug|Any CPU.ActiveCfg = Debug|Any CPU
		{A438BCFB-79B2-4512-8420-BA3A362AFC05}.Debug|Any CPU.Build.0 = Debug|Any CPU
		{A438BCFB-79B2-4512-8420-BA3A362AFC05}.Release|Any CPU.ActiveCfg = Release|Any CPU
		{A438BCFB-79B2-4512-8420-BA3A362AFC05}.Release|Any CPU.Build.0 = Release|Any CPU
		{27EC9156-533D-450A-A152-1975780986D7}.Debug|Any CPU.ActiveCfg = Debug|Any CPU
		{27EC9156-533D-450A-A152-1975780986D7}.Debug|Any CPU.Build.0 = Debug|Any CPU
		{27EC9156-533D-450A-A152-1975780986D7}.Release|Any CPU.ActiveCfg = Release|Any CPU
		{27EC9156-533D-450A-A152-1975780986D7}.Release|Any CPU.Build.0 = Release|Any CPU
	EndGlobalSection
	GlobalSection(SolutionProperties) = preSolution
		HideSolutionNode = FALSE
	EndGlobalSection
	GlobalSection(NestedProjects) = preSolution
		{D62821AD-7E01-4E79-836F-AE8683A4EF7D} = {FA4BEB5B-1250-4F39-B363-F31B956CC75F}
		{3D82EED1-4EFE-4198-8657-5A2114BB9FCE} = {FA4BEB5B-1250-4F39-B363-F31B956CC75F}
		{A438BCFB-79B2-4512-8420-BA3A362AFC05} = {FA4BEB5B-1250-4F39-B363-F31B956CC75F}
		{27EC9156-533D-450A-A152-1975780986D7} = {FA4BEB5B-1250-4F39-B363-F31B956CC75F}
		{45302949-3781-4858-B779-4FC1374C449A} = {5ADFB68B-4F46-4525-A40A-E851C17AFF29}
	EndGlobalSection
	GlobalSection(ExtensibilityGlobals) = postSolution
		SolutionGuid = {4D08A849-ECC0-49AD-B784-A9D3772BC0BC}
	EndGlobalSection
EndGlobal
